{
  "name": "Diyamonds_TAASS",
  "lockfileVersion": 2,
  "requires": true,
  "packages": {
    "": {
      "dependencies": {
        "compass": "^0.1.1",
        "compass-mixins": "^0.12.12"
      }
    },
    "node_modules/compass": {
      "version": "0.1.1",
      "resolved": "https://registry.npmjs.org/compass/-/compass-0.1.1.tgz",
      "integrity": "sha512-9z+RjcAGig6/9uAFeCbWajTvrye1u61ca5QrqN6JTrHRYOOgAKs33Xv/3/fODYthxWC2C97AE0e45PLETNRicg=="
    },
    "node_modules/compass-mixins": {
      "version": "0.12.12",
      "resolved": "https://registry.npmjs.org/compass-mixins/-/compass-mixins-0.12.12.tgz",
      "integrity": "sha512-wlTxz4lsIv/3o+rdyBOTZpQFFJeWPCRlYClaEXcaFe6QrAJ5qibTAgH53LyjfGQL6mmebTfjVHM0hLsxjGj+fw=="
    }
  },
  "dependencies": {
    "compass": {
      "version": "0.1.1",
      "resolved": "https://registry.npmjs.org/compass/-/compass-0.1.1.tgz",
      "integrity": "sha512-9z+RjcAGig6/9uAFeCbWajTvrye1u61ca5QrqN6JTrHRYOOgAKs33Xv/3/fODYthxWC2C97AE0e45PLETNRicg=="
    },
    "compass-mixins": {
      "version": "0.12.12",
      "resolved": "https://registry.npmjs.org/compass-mixins/-/compass-mixins-0.12.12.tgz",
      "integrity": "sha512-wlTxz4lsIv/3o+rdyBOTZpQFFJeWPCRlYClaEXcaFe6QrAJ5qibTAgH53LyjfGQL6mmebTfjVHM0hLsxjGj+fw=="
    }
  }
}
